
Microsoft Visual Studio Solution File, Format Version 11.00
# Visual Studio 2010
Project("{FAE04EC0-301F-11D3-BF4B-00C04F79EFBC}") = "VoucherExpense", "VoucherExpense\VoucherExpense.csproj", "{634C268A-02EA-491C-A94C-C377F512B1C0}"
EndProject
Project("{FAE04EC0-301F-11D3-BF4B-00C04F79EFBC}") = "BakeryOrder", "BakeryOrder\BakeryOrder.csproj", "{6D552159-3A94-4BA5-AC09-A44BCE6E93EC}"
EndProject
Project("{FAE04EC0-301F-11D3-BF4B-00C04F79EFBC}") = "SyncCloud", "SyncCloud\SyncCloud.csproj", "{F9D66AC0-FE35-4C51-9B6F-626325FD4AF6}"
EndProject
Global
	GlobalSection(SolutionConfigurationPlatforms) = preSolution
		Debug|Any CPU = Debug|Any CPU
		Debug|x86 = Debug|x86
		Release|Any CPU = Release|Any CPU
		Release|x86 = Release|x86
	EndGlobalSection
	GlobalSection(ProjectConfigurationPlatforms) = postSolution
		{634C268A-02EA-491C-A94C-C377F512B1C0}.Debug|Any CPU.ActiveCfg = Debug|Any CPU
		{634C268A-02EA-491C-A94C-C377F512B1C0}.Debug|Any CPU.Build.0 = Debug|Any CPU
		{634C268A-02EA-491C-A94C-C377F512B1C0}.Debug|x86.ActiveCfg = Debug|x86
		{634C268A-02EA-491C-A94C-C377F512B1C0}.Debug|x86.Build.0 = Debug|x86
		{634C268A-02EA-491C-A94C-C377F512B1C0}.Release|Any CPU.ActiveCfg = Release|Any CPU
		{634C268A-02EA-491C-A94C-C377F512B1C0}.Release|Any CPU.Build.0 = Release|Any CPU
		{634C268A-02EA-491C-A94C-C377F512B1C0}.Release|x86.ActiveCfg = Release|x86
		{634C268A-02EA-491C-A94C-C377F512B1C0}.Release|x86.Build.0 = Release|x86
		{6D552159-3A94-4BA5-AC09-A44BCE6E93EC}.Debug|Any CPU.ActiveCfg = Debug|Any CPU
		{6D552159-3A94-4BA5-AC09-A44BCE6E93EC}.Debug|Any CPU.Build.0 = Debug|Any CPU
		{6D552159-3A94-4BA5-AC09-A44BCE6E93EC}.Debug|x86.ActiveCfg = Debug|x86
		{6D552159-3A94-4BA5-AC09-A44BCE6E93EC}.Debug|x86.Build.0 = Debug|x86
		{6D552159-3A94-4BA5-AC09-A44BCE6E93EC}.Release|Any CPU.ActiveCfg = Release|x86
		{6D552159-3A94-4BA5-AC09-A44BCE6E93EC}.Release|Any CPU.Build.0 = Release|x86
		{6D552159-3A94-4BA5-AC09-A44BCE6E93EC}.Release|x86.ActiveCfg = Release|x86
		{6D552159-3A94-4BA5-AC09-A44BCE6E93EC}.Release|x86.Build.0 = Release|x86
		{F9D66AC0-FE35-4C51-9B6F-626325FD4AF6}.Debug|Any CPU.ActiveCfg = Debug|x86
		{F9D66AC0-FE35-4C51-9B6F-626325FD4AF6}.Debug|Any CPU.Build.0 = Debug|x86
		{F9D66AC0-FE35-4C51-9B6F-626325FD4AF6}.Debug|x86.ActiveCfg = Debug|x86
		{F9D66AC0-FE35-4C51-9B6F-626325FD4AF6}.Debug|x86.Build.0 = Debug|x86
		{F9D66AC0-FE35-4C51-9B6F-626325FD4AF6}.Release|Any CPU.ActiveCfg = Release|x86
		{F9D66AC0-FE35-4C51-9B6F-626325FD4AF6}.Release|Any CPU.Build.0 = Release|x86
		{F9D66AC0-FE35-4C51-9B6F-626325FD4AF6}.Release|x86.ActiveCfg = Release|x86
		{F9D66AC0-FE35-4C51-9B6F-626325FD4AF6}.Release|x86.Build.0 = Release|x86
	EndGlobalSection
	GlobalSection(SolutionProperties) = preSolution
		HideSolutionNode = FALSE
	EndGlobalSection
EndGlobal
